
Microsoft Visual Studio Solution File, Format Version 12.00
# Visual Studio Version 17
VisualStudioVersion = 17.13.35919.96
MinimumVisualStudioVersion = 10.0.40219.1
Project("{FAE04EC0-301F-11D3-BF4B-00C04F79EFBC}") = "Exercicio-1", "Exercicio-1\Exercicio-1.csproj", "{02391AD1-2C7F-4EE9-930D-A183B5F27006}"
EndProject
Project("{FAE04EC0-301F-11D3-BF4B-00C04F79EFBC}") = "Exercicio-2", "Exercicio-2\Exercicio-2.csproj", "{6487367B-CA1B-4946-8717-847E06DE87B6}"
EndProject
Project("{FAE04EC0-301F-11D3-BF4B-00C04F79EFBC}") = "Exercicio-3", "Exercicio-3\Exercicio-3.csproj", "{6409F739-B77A-4B48-91DB-3743C73106A8}"
EndProject
Project("{FAE04EC0-301F-11D3-BF4B-00C04F79EFBC}") = "Exercicio-4", "Exercicio-4\Exercicio-4.csproj", "{82F25252-E150-43B9-BCE7-33ECAB454574}"
EndProject
Project("{FAE04EC0-301F-11D3-BF4B-00C04F79EFBC}") = "Exercicio-5", "Exercicio-5\Exercicio-5.csproj", "{9B7D7A00-10B8-4D48-A6D1-A32B19DDA9C2}"
EndProject
Project("{FAE04EC0-301F-11D3-BF4B-00C04F79EFBC}") = "Exercicio-6", "Exercicio-6\Exercicio-6.csproj", "{828F8FE7-E494-4B54-9636-BEFEFBC598EE}"
EndProject
Project("{FAE04EC0-301F-11D3-BF4B-00C04F79EFBC}") = "Exercicio-7", "Exercicio-7\Exercicio-7.csproj", "{2DDA8155-0DBC-4E29-9EF0-F818DDAE0E7F}"
EndProject
Project("{FAE04EC0-301F-11D3-BF4B-00C04F79EFBC}") = "Exercicio-8", "Exercicio-8\Exercicio-8.csproj", "{56B15FA1-7C96-4B6E-A762-7EDC546B5D84}"
EndProject
Project("{FAE04EC0-301F-11D3-BF4B-00C04F79EFBC}") = "Exercicio-9", "Exercicio-9\Exercicio-9.csproj", "{DAAE250A-639A-47BE-902F-E7E58742D117}"
EndProject
Project("{FAE04EC0-301F-11D3-BF4B-00C04F79EFBC}") = "Exercicio-10", "Exercicio-10\Exercicio-10.csproj", "{2951ADAF-0DE8-44E2-AC4A-D8FA26915E26}"
EndProject
Project("{FAE04EC0-301F-11D3-BF4B-00C04F79EFBC}") = "Exercicio-11", "Exercicio-11\Exercicio-11.csproj", "{F84BB79A-0132-4DC9-B2FE-35688701D005}"
EndProject
Project("{FAE04EC0-301F-11D3-BF4B-00C04F79EFBC}") = "Exercicio-12", "Exercicio-12\Exercicio-12.csproj", "{AA1427B9-3CA6-48AD-99FB-79E08FAFF24C}"
EndProject
Project("{FAE04EC0-301F-11D3-BF4B-00C04F79EFBC}") = "Exercicio-13", "Exercicio-13\Exercicio-13.csproj", "{64C1C980-FA6D-4E94-83BF-E08EB2A8569E}"
EndProject
Project("{FAE04EC0-301F-11D3-BF4B-00C04F79EFBC}") = "Exercicio-14", "Exercicio-14\Exercicio-14.csproj", "{F069BF2E-981D-4A87-8BD8-FE8349F187D7}"
EndProject
Global
	GlobalSection(SolutionConfigurationPlatforms) = preSolution
		Debug|Any CPU = Debug|Any CPU
		Release|Any CPU = Release|Any CPU
	EndGlobalSection
	GlobalSection(ProjectConfigurationPlatforms) = postSolution
		{02391AD1-2C7F-4EE9-930D-A183B5F27006}.Debug|Any CPU.ActiveCfg = Debug|Any CPU
		{02391AD1-2C7F-4EE9-930D-A183B5F27006}.Debug|Any CPU.Build.0 = Debug|Any CPU
		{02391AD1-2C7F-4EE9-930D-A183B5F27006}.Release|Any CPU.ActiveCfg = Release|Any CPU
		{02391AD1-2C7F-4EE9-930D-A183B5F27006}.Release|Any CPU.Build.0 = Release|Any CPU
		{6487367B-CA1B-4946-8717-847E06DE87B6}.Debug|Any CPU.ActiveCfg = Debug|Any CPU
		{6487367B-CA1B-4946-8717-847E06DE87B6}.Debug|Any CPU.Build.0 = Debug|Any CPU
		{6487367B-CA1B-4946-8717-847E06DE87B6}.Release|Any CPU.ActiveCfg = Release|Any CPU
		{6487367B-CA1B-4946-8717-847E06DE87B6}.Release|Any CPU.Build.0 = Release|Any CPU
		{6409F739-B77A-4B48-91DB-3743C73106A8}.Debug|Any CPU.ActiveCfg = Debug|Any CPU
		{6409F739-B77A-4B48-91DB-3743C73106A8}.Debug|Any CPU.Build.0 = Debug|Any CPU
		{6409F739-B77A-4B48-91DB-3743C73106A8}.Release|Any CPU.ActiveCfg = Release|Any CPU
		{6409F739-B77A-4B48-91DB-3743C73106A8}.Release|Any CPU.Build.0 = Release|Any CPU
		{82F25252-E150-43B9-BCE7-33ECAB454574}.Debug|Any CPU.ActiveCfg = Debug|Any CPU
		{82F25252-E150-43B9-BCE7-33ECAB454574}.Debug|Any CPU.Build.0 = Debug|Any CPU
		{82F25252-E150-43B9-BCE7-33ECAB454574}.Release|Any CPU.ActiveCfg = Release|Any CPU
		{82F25252-E150-43B9-BCE7-33ECAB454574}.Release|Any CPU.Build.0 = Release|Any CPU
		{9B7D7A00-10B8-4D48-A6D1-A32B19DDA9C2}.Debug|Any CPU.ActiveCfg = Debug|Any CPU
		{9B7D7A00-10B8-4D48-A6D1-A32B19DDA9C2}.Debug|Any CPU.Build.0 = Debug|Any CPU
		{9B7D7A00-10B8-4D48-A6D1-A32B19DDA9C2}.Release|Any CPU.ActiveCfg = Release|Any CPU
		{9B7D7A00-10B8-4D48-A6D1-A32B19DDA9C2}.Release|Any CPU.Build.0 = Release|Any CPU
		{828F8FE7-E494-4B54-9636-BEFEFBC598EE}.Debug|Any CPU.ActiveCfg = Debug|Any CPU
		{828F8FE7-E494-4B54-9636-BEFEFBC598EE}.Debug|Any CPU.Build.0 = Debug|Any CPU
		{828F8FE7-E494-4B54-9636-BEFEFBC598EE}.Release|Any CPU.ActiveCfg = Release|Any CPU
		{828F8FE7-E494-4B54-9636-BEFEFBC598EE}.Release|Any CPU.Build.0 = Release|Any CPU
		{2DDA8155-0DBC-4E29-9EF0-F818DDAE0E7F}.Debug|Any CPU.ActiveCfg = Debug|Any CPU
		{2DDA8155-0DBC-4E29-9EF0-F818DDAE0E7F}.Debug|Any CPU.Build.0 = Debug|Any CPU
		{2DDA8155-0DBC-4E29-9EF0-F818DDAE0E7F}.Release|Any CPU.ActiveCfg = Release|Any CPU
		{2DDA8155-0DBC-4E29-9EF0-F818DDAE0E7F}.Release|Any CPU.Build.0 = Release|Any CPU
		{56B15FA1-7C96-4B6E-A762-7EDC546B5D84}.Debug|Any CPU.ActiveCfg = Debug|Any CPU
		{56B15FA1-7C96-4B6E-A762-7EDC546B5D84}.Debug|Any CPU.Build.0 = Debug|Any CPU
		{56B15FA1-7C96-4B6E-A762-7EDC546B5D84}.Release|Any CPU.ActiveCfg = Release|Any CPU
		{56B15FA1-7C96-4B6E-A762-7EDC546B5D84}.Release|Any CPU.Build.0 = Release|Any CPU
		{DAAE250A-639A-47BE-902F-E7E58742D117}.Debug|Any CPU.ActiveCfg = Debug|Any CPU
		{DAAE250A-639A-47BE-902F-E7E58742D117}.Debug|Any CPU.Build.0 = Debug|Any CPU
		{DAAE250A-639A-47BE-902F-E7E58742D117}.Release|Any CPU.ActiveCfg = Release|Any CPU
		{DAAE250A-639A-47BE-902F-E7E58742D117}.Release|Any CPU.Build.0 = Release|Any CPU
		{2951ADAF-0DE8-44E2-AC4A-D8FA26915E26}.Debug|Any CPU.ActiveCfg = Debug|Any CPU
		{2951ADAF-0DE8-44E2-AC4A-D8FA26915E26}.Debug|Any CPU.Build.0 = Debug|Any CPU
		{2951ADAF-0DE8-44E2-AC4A-D8FA26915E26}.Release|Any CPU.ActiveCfg = Release|Any CPU
		{2951ADAF-0DE8-44E2-AC4A-D8FA26915E26}.Release|Any CPU.Build.0 = Release|Any CPU
		{F84BB79A-0132-4DC9-B2FE-35688701D005}.Debug|Any CPU.ActiveCfg = Debug|Any CPU
		{F84BB79A-0132-4DC9-B2FE-35688701D005}.Debug|Any CPU.Build.0 = Debug|Any CPU
		{F84BB79A-0132-4DC9-B2FE-35688701D005}.Release|Any CPU.ActiveCfg = Release|Any CPU
		{F84BB79A-0132-4DC9-B2FE-35688701D005}.Release|Any CPU.Build.0 = Release|Any CPU
		{AA1427B9-3CA6-48AD-99FB-79E08FAFF24C}.Debug|Any CPU.ActiveCfg = Debug|Any CPU
		{AA1427B9-3CA6-48AD-99FB-79E08FAFF24C}.Debug|Any CPU.Build.0 = Debug|Any CPU
		{AA1427B9-3CA6-48AD-99FB-79E08FAFF24C}.Release|Any CPU.ActiveCfg = Release|Any CPU
		{AA1427B9-3CA6-48AD-99FB-79E08FAFF24C}.Release|Any CPU.Build.0 = Release|Any CPU
		{64C1C980-FA6D-4E94-83BF-E08EB2A8569E}.Debug|Any CPU.ActiveCfg = Debug|Any CPU
		{64C1C980-FA6D-4E94-83BF-E08EB2A8569E}.Debug|Any CPU.Build.0 = Debug|Any CPU
		{64C1C980-FA6D-4E94-83BF-E08EB2A8569E}.Release|Any CPU.ActiveCfg = Release|Any CPU
		{64C1C980-FA6D-4E94-83BF-E08EB2A8569E}.Release|Any CPU.Build.0 = Release|Any CPU
		{F069BF2E-981D-4A87-8BD8-FE8349F187D7}.Debug|Any CPU.ActiveCfg = Debug|Any CPU
		{F069BF2E-981D-4A87-8BD8-FE8349F187D7}.Debug|Any CPU.Build.0 = Debug|Any CPU
		{F069BF2E-981D-4A87-8BD8-FE8349F187D7}.Release|Any CPU.ActiveCfg = Release|Any CPU
		{F069BF2E-981D-4A87-8BD8-FE8349F187D7}.Release|Any CPU.Build.0 = Release|Any CPU
	EndGlobalSection
	GlobalSection(SolutionProperties) = preSolution
		HideSolutionNode = FALSE
	EndGlobalSection
	GlobalSection(ExtensibilityGlobals) = postSolution
		SolutionGuid = {0572D356-C9E2-4EF1-9FB8-8E1F6780E096}
	EndGlobalSection
EndGlobal
